{
  "version": 2,
  "dependencies": {
    "net10.0": {
      "Errata": {
        "type": "Direct",
        "requested": "[0.16.0, )",
        "resolved": "0.16.0",
        "contentHash": "dh9lkqufnkWdoulu8/fgJ4azCECFuyixtnPNdktBCCk63ggQio2b+fFPrp/XMkfOdPCFvnqiBeEXw4epk3q1bQ==",
        "dependencies": {
          "Spectre.Console": "0.55.0"
        }
      },
      "Microsoft.CodeAnalysis.NetAnalyzers": {
        "type": "Direct",
        "requested": "[9.0.0, )",
        "resolved": "9.0.0",
        "contentHash": "JajbvkrBgtdRghavIjcJuNHMOja4lqBmEezbhZyqWPYh2cpLhT5mPpfC7NQVDO4IehWQum9t/nwF4v+qQGtYWg=="
      },
      "NewStyleCop.Analyzers": {
        "type": "Direct",
        "requested": "[1.2.1, )",
        "resolved": "1.2.1",
        "contentHash": "20cG97DtMBpl6bPZ8Ito8JBidTusgP71x3SUcEMSQ08XIdX1ArVixtY2UK7aUi/GN3qCP2Ryp0U9AbtrYqBCzQ=="
      },
      "Spectre.Console.Ansi": {
        "type": "Transitive",
        "resolved": "0.55.0",
        "contentHash": "GIfgOvuF8MpU52bprhwtDEtx0gmVIGOepM8bw0lH/TSMD0rg1Xp+5Y53kPG8rFVdcpbNANlhDQ5mEVVPO3/2Tg=="
      },
      "cake.issues": {
        "type": "Project",
        "dependencies": {
          "Cake.Core": "[6.0.0, )"
        }
      },
      "cake.issues.reporting": {
        "type": "Project",
        "dependencies": {
          "Cake.Issues": "[1.0.0, )"
        }
      },
      "Cake.Core": {
        "type": "CentralTransitive",
        "requested": "[6.0.0, )",
        "resolved": "6.0.0",
        "contentHash": "SiAIpsPYMgSivBVReFz/wCYvimWVsZsoGVdZ/qogYbxLQA/QdXkMyHiGqqRhkfUuTf/0/N9HCYYAQe0sZfsekA=="
      },
      "Spectre.Console": {
        "type": "CentralTransitive",
        "requested": "[0.53.0, )",
        "resolved": "0.55.0",
        "contentHash": "2TVhUHFsDux0Z+y2Hv4bFsOMuON4SuotEEKkMparFkp5Rm259naaaEQrN4Sv6C1cbsiGKPjfkJDGgUp+hZPjTw==",
        "dependencies": {
          "Spectre.Console.Ansi": "0.55.0"
        }
      }
    },
    "net8.0": {
      "Errata": {
        "type": "Direct",
        "requested": "[0.16.0, )",
        "resolved": "0.16.0",
        "contentHash": "dh9lkqufnkWdoulu8/fgJ4azCECFuyixtnPNdktBCCk63ggQio2b+fFPrp/XMkfOdPCFvnqiBeEXw4epk3q1bQ==",
        "dependencies": {
          "Spectre.Console": "0.55.0"
        }
      },
      "Microsoft.CodeAnalysis.NetAnalyzers": {
        "type": "Direct",
        "requested": "[9.0.0, )",
        "resolved": "9.0.0",
        "contentHash": "JajbvkrBgtdRghavIjcJuNHMOja4lqBmEezbhZyqWPYh2cpLhT5mPpfC7NQVDO4IehWQum9t/nwF4v+qQGtYWg=="
      },
      "NewStyleCop.Analyzers": {
        "type": "Direct",
        "requested": "[1.2.1, )",
        "resolved": "1.2.1",
        "contentHash": "20cG97DtMBpl6bPZ8Ito8JBidTusgP71x3SUcEMSQ08XIdX1ArVixtY2UK7aUi/GN3qCP2Ryp0U9AbtrYqBCzQ=="
      },
      "Spectre.Console.Ansi": {
        "type": "Transitive",
        "resolved": "0.55.0",
        "contentHash": "GIfgOvuF8MpU52bprhwtDEtx0gmVIGOepM8bw0lH/TSMD0rg1Xp+5Y53kPG8rFVdcpbNANlhDQ5mEVVPO3/2Tg=="
      },
      "cake.issues": {
        "type": "Project",
        "dependencies": {
          "Cake.Core": "[6.0.0, )"
        }
      },
      "cake.issues.reporting": {
        "type": "Project",
        "dependencies": {
          "Cake.Issues": "[1.0.0, )"
        }
      },
      "Cake.Core": {
        "type": "CentralTransitive",
        "requested": "[6.0.0, )",
        "resolved": "6.0.0",
        "contentHash": "SiAIpsPYMgSivBVReFz/wCYvimWVsZsoGVdZ/qogYbxLQA/QdXkMyHiGqqRhkfUuTf/0/N9HCYYAQe0sZfsekA=="
      },
      "Spectre.Console": {
        "type": "CentralTransitive",
        "requested": "[0.53.0, )",
        "resolved": "0.55.0",
        "contentHash": "2TVhUHFsDux0Z+y2Hv4bFsOMuON4SuotEEKkMparFkp5Rm259naaaEQrN4Sv6C1cbsiGKPjfkJDGgUp+hZPjTw==",
        "dependencies": {
          "Spectre.Console.Ansi": "0.55.0"
        }
      }
    },
    "net9.0": {
      "Errata": {
        "type": "Direct",
        "requested": "[0.16.0, )",
        "resolved": "0.16.0",
        "contentHash": "dh9lkqufnkWdoulu8/fgJ4azCECFuyixtnPNdktBCCk63ggQio2b+fFPrp/XMkfOdPCFvnqiBeEXw4epk3q1bQ==",
        "dependencies": {
          "Spectre.Console": "0.55.0"
        }
      },
      "Microsoft.CodeAnalysis.NetAnalyzers": {
        "type": "Direct",
        "requested": "[9.0.0, )",
        "resolved": "9.0.0",
        "contentHash": "JajbvkrBgtdRghavIjcJuNHMOja4lqBmEezbhZyqWPYh2cpLhT5mPpfC7NQVDO4IehWQum9t/nwF4v+qQGtYWg=="
      },
      "NewStyleCop.Analyzers": {
        "type": "Direct",
        "requested": "[1.2.1, )",
        "resolved": "1.2.1",
        "contentHash": "20cG97DtMBpl6bPZ8Ito8JBidTusgP71x3SUcEMSQ08XIdX1ArVixtY2UK7aUi/GN3qCP2Ryp0U9AbtrYqBCzQ=="
      },
      "Spectre.Console.Ansi": {
        "type": "Transitive",
        "resolved": "0.55.0",
        "contentHash": "GIfgOvuF8MpU52bprhwtDEtx0gmVIGOepM8bw0lH/TSMD0rg1Xp+5Y53kPG8rFVdcpbNANlhDQ5mEVVPO3/2Tg=="
      },
      "cake.issues": {
        "type": "Project",
        "dependencies": {
          "Cake.Core": "[6.0.0, )"
        }
      },
      "cake.issues.reporting": {
        "type": "Project",
        "dependencies": {
          "Cake.Issues": "[1.0.0, )"
        }
      },
      "Cake.Core": {
        "type": "CentralTransitive",
        "requested": "[6.0.0, )",
        "resolved": "6.0.0",
        "contentHash": "SiAIpsPYMgSivBVReFz/wCYvimWVsZsoGVdZ/qogYbxLQA/QdXkMyHiGqqRhkfUuTf/0/N9HCYYAQe0sZfsekA=="
      },
      "Spectre.Console": {
        "type": "CentralTransitive",
        "requested": "[0.53.0, )",
        "resolved": "0.55.0",
        "contentHash": "2TVhUHFsDux0Z+y2Hv4bFsOMuON4SuotEEKkMparFkp5Rm259naaaEQrN4Sv6C1cbsiGKPjfkJDGgUp+hZPjTw==",
        "dependencies": {
          "Spectre.Console.Ansi": "0.55.0"
        }
      }
    }
  }
}