{
  "version": 2,
  "dependencies": {
    "net10.0": {
      "Errata": {
        "type": "Direct",
        "requested": "[0.15.0, )",
        "resolved": "0.15.0",
        "contentHash": "2oETDVwqVx8UDTCkD7TQvO4nzAt8kcs2aL7XNJ85uCbsxo4822RdTh6wbLW6bkRZbSgHLGBIUBF2IbrOhtrDxg==",
        "dependencies": {
          "Spectre.Console": "0.54.0"
        }
      },
      "Microsoft.CodeAnalysis.NetAnalyzers": {
        "type": "Direct",
        "requested": "[9.0.0, )",
        "resolved": "9.0.0",
        "contentHash": "JajbvkrBgtdRghavIjcJuNHMOja4lqBmEezbhZyqWPYh2cpLhT5mPpfC7NQVDO4IehWQum9t/nwF4v+qQGtYWg=="
      },
      "NewStyleCop.Analyzers": {
        "type": "Direct",
        "requested": "[1.2.1, )",
        "resolved": "1.2.1",
        "contentHash": "20cG97DtMBpl6bPZ8Ito8JBidTusgP71x3SUcEMSQ08XIdX1ArVixtY2UK7aUi/GN3qCP2Ryp0U9AbtrYqBCzQ=="
      },
      "cake.issues": {
        "type": "Project",
        "dependencies": {
          "Cake.Core": "[6.0.0, )"
        }
      },
      "cake.issues.reporting": {
        "type": "Project",
        "dependencies": {
          "Cake.Issues": "[1.0.0, )"
        }
      },
      "Cake.Core": {
        "type": "CentralTransitive",
        "requested": "[6.0.0, )",
        "resolved": "6.0.0",
        "contentHash": "SiAIpsPYMgSivBVReFz/wCYvimWVsZsoGVdZ/qogYbxLQA/QdXkMyHiGqqRhkfUuTf/0/N9HCYYAQe0sZfsekA=="
      },
      "Spectre.Console": {
        "type": "CentralTransitive",
        "requested": "[0.53.0, )",
        "resolved": "0.54.0",
        "contentHash": "StDXCFayfy0yB1xzUHT2tgEpV1/HFTiS4JgsAQS49EYTfMixSwwucaQs/bIOCwXjWwIQTMuxjUIxcB5XsJkFJA=="
      }
    },
    "net8.0": {
      "Errata": {
        "type": "Direct",
        "requested": "[0.15.0, )",
        "resolved": "0.15.0",
        "contentHash": "2oETDVwqVx8UDTCkD7TQvO4nzAt8kcs2aL7XNJ85uCbsxo4822RdTh6wbLW6bkRZbSgHLGBIUBF2IbrOhtrDxg==",
        "dependencies": {
          "Spectre.Console": "0.54.0"
        }
      },
      "Microsoft.CodeAnalysis.NetAnalyzers": {
        "type": "Direct",
        "requested": "[9.0.0, )",
        "resolved": "9.0.0",
        "contentHash": "JajbvkrBgtdRghavIjcJuNHMOja4lqBmEezbhZyqWPYh2cpLhT5mPpfC7NQVDO4IehWQum9t/nwF4v+qQGtYWg=="
      },
      "NewStyleCop.Analyzers": {
        "type": "Direct",
        "requested": "[1.2.1, )",
        "resolved": "1.2.1",
        "contentHash": "20cG97DtMBpl6bPZ8Ito8JBidTusgP71x3SUcEMSQ08XIdX1ArVixtY2UK7aUi/GN3qCP2Ryp0U9AbtrYqBCzQ=="
      },
      "cake.issues": {
        "type": "Project",
        "dependencies": {
          "Cake.Core": "[6.0.0, )"
        }
      },
      "cake.issues.reporting": {
        "type": "Project",
        "dependencies": {
          "Cake.Issues": "[1.0.0, )"
        }
      },
      "Cake.Core": {
        "type": "CentralTransitive",
        "requested": "[6.0.0, )",
        "resolved": "6.0.0",
        "contentHash": "SiAIpsPYMgSivBVReFz/wCYvimWVsZsoGVdZ/qogYbxLQA/QdXkMyHiGqqRhkfUuTf/0/N9HCYYAQe0sZfsekA=="
      },
      "Spectre.Console": {
        "type": "CentralTransitive",
        "requested": "[0.53.0, )",
        "resolved": "0.54.0",
        "contentHash": "StDXCFayfy0yB1xzUHT2tgEpV1/HFTiS4JgsAQS49EYTfMixSwwucaQs/bIOCwXjWwIQTMuxjUIxcB5XsJkFJA=="
      }
    },
    "net9.0": {
      "Errata": {
        "type": "Direct",
        "requested": "[0.15.0, )",
        "resolved": "0.15.0",
        "contentHash": "2oETDVwqVx8UDTCkD7TQvO4nzAt8kcs2aL7XNJ85uCbsxo4822RdTh6wbLW6bkRZbSgHLGBIUBF2IbrOhtrDxg==",
        "dependencies": {
          "Spectre.Console": "0.54.0"
        }
      },
      "Microsoft.CodeAnalysis.NetAnalyzers": {
        "type": "Direct",
        "requested": "[9.0.0, )",
        "resolved": "9.0.0",
        "contentHash": "JajbvkrBgtdRghavIjcJuNHMOja4lqBmEezbhZyqWPYh2cpLhT5mPpfC7NQVDO4IehWQum9t/nwF4v+qQGtYWg=="
      },
      "NewStyleCop.Analyzers": {
        "type": "Direct",
        "requested": "[1.2.1, )",
        "resolved": "1.2.1",
        "contentHash": "20cG97DtMBpl6bPZ8Ito8JBidTusgP71x3SUcEMSQ08XIdX1ArVixtY2UK7aUi/GN3qCP2Ryp0U9AbtrYqBCzQ=="
      },
      "cake.issues": {
        "type": "Project",
        "dependencies": {
          "Cake.Core": "[6.0.0, )"
        }
      },
      "cake.issues.reporting": {
        "type": "Project",
        "dependencies": {
          "Cake.Issues": "[1.0.0, )"
        }
      },
      "Cake.Core": {
        "type": "CentralTransitive",
        "requested": "[6.0.0, )",
        "resolved": "6.0.0",
        "contentHash": "SiAIpsPYMgSivBVReFz/wCYvimWVsZsoGVdZ/qogYbxLQA/QdXkMyHiGqqRhkfUuTf/0/N9HCYYAQe0sZfsekA=="
      },
      "Spectre.Console": {
        "type": "CentralTransitive",
        "requested": "[0.53.0, )",
        "resolved": "0.54.0",
        "contentHash": "StDXCFayfy0yB1xzUHT2tgEpV1/HFTiS4JgsAQS49EYTfMixSwwucaQs/bIOCwXjWwIQTMuxjUIxcB5XsJkFJA=="
      }
    }
  }
}