{
  "version": 2,
  "dependencies": {
    "net10.0": {
      "Microsoft.CodeAnalysis.NetAnalyzers": {
        "type": "Direct",
        "requested": "[9.0.0, )",
        "resolved": "9.0.0",
        "contentHash": "JajbvkrBgtdRghavIjcJuNHMOja4lqBmEezbhZyqWPYh2cpLhT5mPpfC7NQVDO4IehWQum9t/nwF4v+qQGtYWg=="
      },
      "NewStyleCop.Analyzers": {
        "type": "Direct",
        "requested": "[1.2.1, )",
        "resolved": "1.2.1",
        "contentHash": "20cG97DtMBpl6bPZ8Ito8JBidTusgP71x3SUcEMSQ08XIdX1ArVixtY2UK7aUi/GN3qCP2Ryp0U9AbtrYqBCzQ=="
      },
      "Sarif.Sdk": {
        "type": "Direct",
        "requested": "[4.6.5, )",
        "resolved": "4.6.5",
        "contentHash": "4hb1mS6sY4JecYJD0fhxv/LDgdvLPEW5mmS9ACMsBFODHgqpd7AWhM0LVd6rsCyc5RAvjobLxUTKZ77uS/LfrA==",
        "dependencies": {
          "Microsoft.Diagnostics.Tracing.EventRegister": "1.1.28",
          "Microsoft.Diagnostics.Tracing.TraceEvent": "3.1.3",
          "Newtonsoft.Json": "13.0.3"
        }
      },
      "Microsoft.Diagnostics.Tracing.EventRegister": {
        "type": "Transitive",
        "resolved": "1.1.28",
        "contentHash": "VXTPYySeOmpMFejW2t4uau3t5h92LYKT9zM3kR06qeUNM9vQxG3S5nB6EhuKyf+F7Ze92Y6614MvjkxH14NJkQ=="
      },
      "Microsoft.Diagnostics.Tracing.TraceEvent": {
        "type": "Transitive",
        "resolved": "3.1.3",
        "contentHash": "0i45LzMkHfWKcDZxzyGbE0TiRVRNvr8k+Snrgf1OT/8txwBi6opm3G8rCB7OAM6G4m61Jzd+ZaJ6YAyRGlE9TQ=="
      },
      "Newtonsoft.Json": {
        "type": "Transitive",
        "resolved": "13.0.3",
        "contentHash": "HrC5BXdl00IP9zeV+0Z848QWPAoCr9P3bDEZguI+gkLcBKAOxix/tLEAAHC+UvDNPv4a2d18lOReHMOagPa+zQ=="
      },
      "cake.issues": {
        "type": "Project",
        "dependencies": {
          "Cake.Core": "[6.0.0, )"
        }
      },
      "Cake.Core": {
        "type": "CentralTransitive",
        "requested": "[6.0.0, )",
        "resolved": "6.0.0",
        "contentHash": "SiAIpsPYMgSivBVReFz/wCYvimWVsZsoGVdZ/qogYbxLQA/QdXkMyHiGqqRhkfUuTf/0/N9HCYYAQe0sZfsekA=="
      }
    },
    "net8.0": {
      "Microsoft.CodeAnalysis.NetAnalyzers": {
        "type": "Direct",
        "requested": "[9.0.0, )",
        "resolved": "9.0.0",
        "contentHash": "JajbvkrBgtdRghavIjcJuNHMOja4lqBmEezbhZyqWPYh2cpLhT5mPpfC7NQVDO4IehWQum9t/nwF4v+qQGtYWg=="
      },
      "NewStyleCop.Analyzers": {
        "type": "Direct",
        "requested": "[1.2.1, )",
        "resolved": "1.2.1",
        "contentHash": "20cG97DtMBpl6bPZ8Ito8JBidTusgP71x3SUcEMSQ08XIdX1ArVixtY2UK7aUi/GN3qCP2Ryp0U9AbtrYqBCzQ=="
      },
      "Sarif.Sdk": {
        "type": "Direct",
        "requested": "[4.6.5, )",
        "resolved": "4.6.5",
        "contentHash": "4hb1mS6sY4JecYJD0fhxv/LDgdvLPEW5mmS9ACMsBFODHgqpd7AWhM0LVd6rsCyc5RAvjobLxUTKZ77uS/LfrA==",
        "dependencies": {
          "Microsoft.Diagnostics.Tracing.EventRegister": "1.1.28",
          "Microsoft.Diagnostics.Tracing.TraceEvent": "3.1.3",
          "Newtonsoft.Json": "13.0.3"
        }
      },
      "Microsoft.Diagnostics.Tracing.EventRegister": {
        "type": "Transitive",
        "resolved": "1.1.28",
        "contentHash": "VXTPYySeOmpMFejW2t4uau3t5h92LYKT9zM3kR06qeUNM9vQxG3S5nB6EhuKyf+F7Ze92Y6614MvjkxH14NJkQ=="
      },
      "Microsoft.Diagnostics.Tracing.TraceEvent": {
        "type": "Transitive",
        "resolved": "3.1.3",
        "contentHash": "0i45LzMkHfWKcDZxzyGbE0TiRVRNvr8k+Snrgf1OT/8txwBi6opm3G8rCB7OAM6G4m61Jzd+ZaJ6YAyRGlE9TQ=="
      },
      "Newtonsoft.Json": {
        "type": "Transitive",
        "resolved": "13.0.3",
        "contentHash": "HrC5BXdl00IP9zeV+0Z848QWPAoCr9P3bDEZguI+gkLcBKAOxix/tLEAAHC+UvDNPv4a2d18lOReHMOagPa+zQ=="
      },
      "cake.issues": {
        "type": "Project",
        "dependencies": {
          "Cake.Core": "[6.0.0, )"
        }
      },
      "Cake.Core": {
        "type": "CentralTransitive",
        "requested": "[6.0.0, )",
        "resolved": "6.0.0",
        "contentHash": "SiAIpsPYMgSivBVReFz/wCYvimWVsZsoGVdZ/qogYbxLQA/QdXkMyHiGqqRhkfUuTf/0/N9HCYYAQe0sZfsekA=="
      }
    },
    "net9.0": {
      "Microsoft.CodeAnalysis.NetAnalyzers": {
        "type": "Direct",
        "requested": "[9.0.0, )",
        "resolved": "9.0.0",
        "contentHash": "JajbvkrBgtdRghavIjcJuNHMOja4lqBmEezbhZyqWPYh2cpLhT5mPpfC7NQVDO4IehWQum9t/nwF4v+qQGtYWg=="
      },
      "NewStyleCop.Analyzers": {
        "type": "Direct",
        "requested": "[1.2.1, )",
        "resolved": "1.2.1",
        "contentHash": "20cG97DtMBpl6bPZ8Ito8JBidTusgP71x3SUcEMSQ08XIdX1ArVixtY2UK7aUi/GN3qCP2Ryp0U9AbtrYqBCzQ=="
      },
      "Sarif.Sdk": {
        "type": "Direct",
        "requested": "[4.6.5, )",
        "resolved": "4.6.5",
        "contentHash": "4hb1mS6sY4JecYJD0fhxv/LDgdvLPEW5mmS9ACMsBFODHgqpd7AWhM0LVd6rsCyc5RAvjobLxUTKZ77uS/LfrA==",
        "dependencies": {
          "Microsoft.Diagnostics.Tracing.EventRegister": "1.1.28",
          "Microsoft.Diagnostics.Tracing.TraceEvent": "3.1.3",
          "Newtonsoft.Json": "13.0.3"
        }
      },
      "Microsoft.Diagnostics.Tracing.EventRegister": {
        "type": "Transitive",
        "resolved": "1.1.28",
        "contentHash": "VXTPYySeOmpMFejW2t4uau3t5h92LYKT9zM3kR06qeUNM9vQxG3S5nB6EhuKyf+F7Ze92Y6614MvjkxH14NJkQ=="
      },
      "Microsoft.Diagnostics.Tracing.TraceEvent": {
        "type": "Transitive",
        "resolved": "3.1.3",
        "contentHash": "0i45LzMkHfWKcDZxzyGbE0TiRVRNvr8k+Snrgf1OT/8txwBi6opm3G8rCB7OAM6G4m61Jzd+ZaJ6YAyRGlE9TQ=="
      },
      "Newtonsoft.Json": {
        "type": "Transitive",
        "resolved": "13.0.3",
        "contentHash": "HrC5BXdl00IP9zeV+0Z848QWPAoCr9P3bDEZguI+gkLcBKAOxix/tLEAAHC+UvDNPv4a2d18lOReHMOagPa+zQ=="
      },
      "cake.issues": {
        "type": "Project",
        "dependencies": {
          "Cake.Core": "[6.0.0, )"
        }
      },
      "Cake.Core": {
        "type": "CentralTransitive",
        "requested": "[6.0.0, )",
        "resolved": "6.0.0",
        "contentHash": "SiAIpsPYMgSivBVReFz/wCYvimWVsZsoGVdZ/qogYbxLQA/QdXkMyHiGqqRhkfUuTf/0/N9HCYYAQe0sZfsekA=="
      }
    }
  }
}