{
  "version": 2,
  "dependencies": {
    "net10.0": {
      "Microsoft.CodeAnalysis.NetAnalyzers": {
        "type": "Direct",
        "requested": "[9.0.0, )",
        "resolved": "9.0.0",
        "contentHash": "JajbvkrBgtdRghavIjcJuNHMOja4lqBmEezbhZyqWPYh2cpLhT5mPpfC7NQVDO4IehWQum9t/nwF4v+qQGtYWg=="
      },
      "NewStyleCop.Analyzers": {
        "type": "Direct",
        "requested": "[1.2.0, )",
        "resolved": "1.2.0",
        "contentHash": "zLM0XCv+fdibf0QivRJaFyLAt3SmmxDGrGlLhgqlMq1IPbgnfVFH4KzFLjh1/27pRnWuhwDjELe/mZDwbes0nA=="
      },
      "YamlDotNet": {
        "type": "Direct",
        "requested": "[16.3.0, )",
        "resolved": "16.3.0",
        "contentHash": "SgMOdxbz8X65z8hraIs6hOEdnkH6hESTAIUa7viEngHOYaH+6q5XJmwr1+yb9vJpNQ19hCQY69xbFsLtXpobQA=="
      },
      "cake.issues": {
        "type": "Project",
        "dependencies": {
          "Cake.Core": "[6.0.0, )"
        }
      },
      "Cake.Core": {
        "type": "CentralTransitive",
        "requested": "[6.0.0, )",
        "resolved": "6.0.0",
        "contentHash": "SiAIpsPYMgSivBVReFz/wCYvimWVsZsoGVdZ/qogYbxLQA/QdXkMyHiGqqRhkfUuTf/0/N9HCYYAQe0sZfsekA=="
      }
    },
    "net8.0": {
      "Microsoft.CodeAnalysis.NetAnalyzers": {
        "type": "Direct",
        "requested": "[9.0.0, )",
        "resolved": "9.0.0",
        "contentHash": "JajbvkrBgtdRghavIjcJuNHMOja4lqBmEezbhZyqWPYh2cpLhT5mPpfC7NQVDO4IehWQum9t/nwF4v+qQGtYWg=="
      },
      "NewStyleCop.Analyzers": {
        "type": "Direct",
        "requested": "[1.2.0, )",
        "resolved": "1.2.0",
        "contentHash": "zLM0XCv+fdibf0QivRJaFyLAt3SmmxDGrGlLhgqlMq1IPbgnfVFH4KzFLjh1/27pRnWuhwDjELe/mZDwbes0nA=="
      },
      "YamlDotNet": {
        "type": "Direct",
        "requested": "[16.3.0, )",
        "resolved": "16.3.0",
        "contentHash": "SgMOdxbz8X65z8hraIs6hOEdnkH6hESTAIUa7viEngHOYaH+6q5XJmwr1+yb9vJpNQ19hCQY69xbFsLtXpobQA=="
      },
      "cake.issues": {
        "type": "Project",
        "dependencies": {
          "Cake.Core": "[6.0.0, )"
        }
      },
      "Cake.Core": {
        "type": "CentralTransitive",
        "requested": "[6.0.0, )",
        "resolved": "6.0.0",
        "contentHash": "SiAIpsPYMgSivBVReFz/wCYvimWVsZsoGVdZ/qogYbxLQA/QdXkMyHiGqqRhkfUuTf/0/N9HCYYAQe0sZfsekA=="
      }
    },
    "net9.0": {
      "Microsoft.CodeAnalysis.NetAnalyzers": {
        "type": "Direct",
        "requested": "[9.0.0, )",
        "resolved": "9.0.0",
        "contentHash": "JajbvkrBgtdRghavIjcJuNHMOja4lqBmEezbhZyqWPYh2cpLhT5mPpfC7NQVDO4IehWQum9t/nwF4v+qQGtYWg=="
      },
      "NewStyleCop.Analyzers": {
        "type": "Direct",
        "requested": "[1.2.0, )",
        "resolved": "1.2.0",
        "contentHash": "zLM0XCv+fdibf0QivRJaFyLAt3SmmxDGrGlLhgqlMq1IPbgnfVFH4KzFLjh1/27pRnWuhwDjELe/mZDwbes0nA=="
      },
      "YamlDotNet": {
        "type": "Direct",
        "requested": "[16.3.0, )",
        "resolved": "16.3.0",
        "contentHash": "SgMOdxbz8X65z8hraIs6hOEdnkH6hESTAIUa7viEngHOYaH+6q5XJmwr1+yb9vJpNQ19hCQY69xbFsLtXpobQA=="
      },
      "cake.issues": {
        "type": "Project",
        "dependencies": {
          "Cake.Core": "[6.0.0, )"
        }
      },
      "Cake.Core": {
        "type": "CentralTransitive",
        "requested": "[6.0.0, )",
        "resolved": "6.0.0",
        "contentHash": "SiAIpsPYMgSivBVReFz/wCYvimWVsZsoGVdZ/qogYbxLQA/QdXkMyHiGqqRhkfUuTf/0/N9HCYYAQe0sZfsekA=="
      }
    }
  }
}