{
  "version": 2,
  "dependencies": {
    "net10.0": {
      "Microsoft.CodeAnalysis.NetAnalyzers": {
        "type": "Direct",
        "requested": "[9.0.0, )",
        "resolved": "9.0.0",
        "contentHash": "JajbvkrBgtdRghavIjcJuNHMOja4lqBmEezbhZyqWPYh2cpLhT5mPpfC7NQVDO4IehWQum9t/nwF4v+qQGtYWg=="
      },
      "NewStyleCop.Analyzers": {
        "type": "Direct",
        "requested": "[1.2.0, )",
        "resolved": "1.2.0",
        "contentHash": "zLM0XCv+fdibf0QivRJaFyLAt3SmmxDGrGlLhgqlMq1IPbgnfVFH4KzFLjh1/27pRnWuhwDjELe/mZDwbes0nA=="
      },
      "Spectre.Console": {
        "type": "Direct",
        "requested": "[0.53.0, )",
        "resolved": "0.53.0",
        "contentHash": "m2iv8Egfywp7FaNLKCmCFHbSf36D4ctzZKvlAK9NXMyGLh6L+CnrZWK8o+LOYsoAS1jtoHn0W1BT0W8vuq/FUw=="
      },
      "Spectre.Console.Analyzer": {
        "type": "Direct",
        "requested": "[1.0.0, )",
        "resolved": "1.0.0",
        "contentHash": "TojbwWASRf3PMUsotXa8MQ9SNwEwWZZ5bAYf1eLv+jiDsxaD/n7TKTi3da6z4+m8uZHri2i+BVRuLj5w+6j64Q=="
      },
      "Microsoft.NETCore.Platforms": {
        "type": "Transitive",
        "resolved": "7.0.4",
        "contentHash": "yLEHlNN7O5WiND89r42sepgVwy5W/ZoTiFEdJDV7MHR1lW02LL7Nipz2TD5qM/Kx9W3/k3NP+PAP2qUdOm+leg=="
      },
      "cake.issues": {
        "type": "Project",
        "dependencies": {
          "Cake.Core": "[5.0.0, )"
        }
      },
      "Cake.Core": {
        "type": "CentralTransitive",
        "requested": "[5.0.0, )",
        "resolved": "5.0.0",
        "contentHash": "hq0HlI6bdRoMjUQTKioVjJZxQRxT7SuIjLjfTXO7fWe/alEU4OJumxq6LhTqz06pTRC7e5OrQqXyGKJnq5I+rw==",
        "dependencies": {
          "Microsoft.NETCore.Platforms": "7.0.4"
        }
      }
    },
    "net8.0": {
      "Microsoft.CodeAnalysis.NetAnalyzers": {
        "type": "Direct",
        "requested": "[9.0.0, )",
        "resolved": "9.0.0",
        "contentHash": "JajbvkrBgtdRghavIjcJuNHMOja4lqBmEezbhZyqWPYh2cpLhT5mPpfC7NQVDO4IehWQum9t/nwF4v+qQGtYWg=="
      },
      "NewStyleCop.Analyzers": {
        "type": "Direct",
        "requested": "[1.2.0, )",
        "resolved": "1.2.0",
        "contentHash": "zLM0XCv+fdibf0QivRJaFyLAt3SmmxDGrGlLhgqlMq1IPbgnfVFH4KzFLjh1/27pRnWuhwDjELe/mZDwbes0nA=="
      },
      "Spectre.Console": {
        "type": "Direct",
        "requested": "[0.53.0, )",
        "resolved": "0.53.0",
        "contentHash": "m2iv8Egfywp7FaNLKCmCFHbSf36D4ctzZKvlAK9NXMyGLh6L+CnrZWK8o+LOYsoAS1jtoHn0W1BT0W8vuq/FUw=="
      },
      "Spectre.Console.Analyzer": {
        "type": "Direct",
        "requested": "[1.0.0, )",
        "resolved": "1.0.0",
        "contentHash": "TojbwWASRf3PMUsotXa8MQ9SNwEwWZZ5bAYf1eLv+jiDsxaD/n7TKTi3da6z4+m8uZHri2i+BVRuLj5w+6j64Q=="
      },
      "Microsoft.NETCore.Platforms": {
        "type": "Transitive",
        "resolved": "7.0.4",
        "contentHash": "yLEHlNN7O5WiND89r42sepgVwy5W/ZoTiFEdJDV7MHR1lW02LL7Nipz2TD5qM/Kx9W3/k3NP+PAP2qUdOm+leg=="
      },
      "cake.issues": {
        "type": "Project",
        "dependencies": {
          "Cake.Core": "[5.0.0, )"
        }
      },
      "Cake.Core": {
        "type": "CentralTransitive",
        "requested": "[5.0.0, )",
        "resolved": "5.0.0",
        "contentHash": "hq0HlI6bdRoMjUQTKioVjJZxQRxT7SuIjLjfTXO7fWe/alEU4OJumxq6LhTqz06pTRC7e5OrQqXyGKJnq5I+rw==",
        "dependencies": {
          "Microsoft.NETCore.Platforms": "7.0.4"
        }
      }
    },
    "net9.0": {
      "Microsoft.CodeAnalysis.NetAnalyzers": {
        "type": "Direct",
        "requested": "[9.0.0, )",
        "resolved": "9.0.0",
        "contentHash": "JajbvkrBgtdRghavIjcJuNHMOja4lqBmEezbhZyqWPYh2cpLhT5mPpfC7NQVDO4IehWQum9t/nwF4v+qQGtYWg=="
      },
      "NewStyleCop.Analyzers": {
        "type": "Direct",
        "requested": "[1.2.0, )",
        "resolved": "1.2.0",
        "contentHash": "zLM0XCv+fdibf0QivRJaFyLAt3SmmxDGrGlLhgqlMq1IPbgnfVFH4KzFLjh1/27pRnWuhwDjELe/mZDwbes0nA=="
      },
      "Spectre.Console": {
        "type": "Direct",
        "requested": "[0.53.0, )",
        "resolved": "0.53.0",
        "contentHash": "m2iv8Egfywp7FaNLKCmCFHbSf36D4ctzZKvlAK9NXMyGLh6L+CnrZWK8o+LOYsoAS1jtoHn0W1BT0W8vuq/FUw=="
      },
      "Spectre.Console.Analyzer": {
        "type": "Direct",
        "requested": "[1.0.0, )",
        "resolved": "1.0.0",
        "contentHash": "TojbwWASRf3PMUsotXa8MQ9SNwEwWZZ5bAYf1eLv+jiDsxaD/n7TKTi3da6z4+m8uZHri2i+BVRuLj5w+6j64Q=="
      },
      "Microsoft.NETCore.Platforms": {
        "type": "Transitive",
        "resolved": "7.0.4",
        "contentHash": "yLEHlNN7O5WiND89r42sepgVwy5W/ZoTiFEdJDV7MHR1lW02LL7Nipz2TD5qM/Kx9W3/k3NP+PAP2qUdOm+leg=="
      },
      "cake.issues": {
        "type": "Project",
        "dependencies": {
          "Cake.Core": "[5.0.0, )"
        }
      },
      "Cake.Core": {
        "type": "CentralTransitive",
        "requested": "[5.0.0, )",
        "resolved": "5.0.0",
        "contentHash": "hq0HlI6bdRoMjUQTKioVjJZxQRxT7SuIjLjfTXO7fWe/alEU4OJumxq6LhTqz06pTRC7e5OrQqXyGKJnq5I+rw==",
        "dependencies": {
          "Microsoft.NETCore.Platforms": "7.0.4"
        }
      }
    }
  }
}