{
  "version": 2,
  "dependencies": {
    "net10.0": {
      "Gazorator": {
        "type": "Direct",
        "requested": "[0.5.2, )",
        "resolved": "0.5.2",
        "contentHash": "uklfp4SJm7yLrpo4U+ZaCuK/1FRwx/BxQESwyZ6KtBQAi5OHe0Zh/+sOAAed8e/cATbSav1ZSCar3haslPiO/A==",
        "dependencies": {
          "Microsoft.AspNetCore.Razor.Language": "3.1.5",
          "Microsoft.CodeAnalysis.CSharp.Scripting": "3.6.0"
        }
      },
      "Microsoft.CodeAnalysis.NetAnalyzers": {
        "type": "Direct",
        "requested": "[9.0.0, )",
        "resolved": "9.0.0",
        "contentHash": "JajbvkrBgtdRghavIjcJuNHMOja4lqBmEezbhZyqWPYh2cpLhT5mPpfC7NQVDO4IehWQum9t/nwF4v+qQGtYWg=="
      },
      "NewStyleCop.Analyzers": {
        "type": "Direct",
        "requested": "[1.2.0, )",
        "resolved": "1.2.0",
        "contentHash": "zLM0XCv+fdibf0QivRJaFyLAt3SmmxDGrGlLhgqlMq1IPbgnfVFH4KzFLjh1/27pRnWuhwDjELe/mZDwbes0nA=="
      },
      "Microsoft.AspNetCore.Razor.Language": {
        "type": "Transitive",
        "resolved": "3.1.5",
        "contentHash": "/3eAIITTRDwTeT2AM9vB55VBkIA22mWByrJlPrd3OVKzOShpOtVzIIPnVjZ+543bu8aqfJspOs/wyBLx+//BmA=="
      },
      "Microsoft.CodeAnalysis.Analyzers": {
        "type": "Transitive",
        "resolved": "3.0.0",
        "contentHash": "ojG5pGAhTPmjxRGTNvuszO3H8XPZqksDwr9xLd4Ae/JBjZZdl6GuoLk7uLMf+o7yl5wO0TAqoWcEKkEWqrZE5g=="
      },
      "Microsoft.CodeAnalysis.Common": {
        "type": "Transitive",
        "resolved": "3.6.0",
        "contentHash": "jQxDeYyQbNZwx/9O8hiyApTqZ7+KR3xVA6Ogbb50qsODfjAKRWuH7z3lGkU/62PYUz4yiDtgXlRtntWNdhFPfQ==",
        "dependencies": {
          "Microsoft.CodeAnalysis.Analyzers": "3.0.0"
        }
      },
      "Microsoft.CodeAnalysis.CSharp": {
        "type": "Transitive",
        "resolved": "3.6.0",
        "contentHash": "kflVAdezWxqIfKNvEi4cmWZchX0Cgm3bRk1asYSnAQWQPTMddecrHzb9D8+ZDfYUeyYKkF4DETwjmONeSChCqA==",
        "dependencies": {
          "Microsoft.CodeAnalysis.Common": "[3.6.0]"
        }
      },
      "Microsoft.CodeAnalysis.CSharp.Scripting": {
        "type": "Transitive",
        "resolved": "3.6.0",
        "contentHash": "XAp7xqEdjrH8LvdjZSXesmh1GiGY1n8pgWTyKzCEppbErX4K61KousT2SKS4NXCDQ5rkaHQtuZ2ptgxUIVEeIQ==",
        "dependencies": {
          "Microsoft.CodeAnalysis.CSharp": "[3.6.0]",
          "Microsoft.CodeAnalysis.Common": "[3.6.0]",
          "Microsoft.CodeAnalysis.Scripting.Common": "[3.6.0]"
        }
      },
      "Microsoft.CodeAnalysis.Scripting.Common": {
        "type": "Transitive",
        "resolved": "3.6.0",
        "contentHash": "xC8O1XmEjufDQrY3Ppzmnpufm/YBZb1/vhQwc3xd9/Aio5sL+PCfHNANkcGlCONs5EZQNCEK+K0eYs+S6pdQvQ==",
        "dependencies": {
          "Microsoft.CodeAnalysis.Common": "[3.6.0]"
        }
      },
      "Microsoft.NETCore.Platforms": {
        "type": "Transitive",
        "resolved": "7.0.4",
        "contentHash": "yLEHlNN7O5WiND89r42sepgVwy5W/ZoTiFEdJDV7MHR1lW02LL7Nipz2TD5qM/Kx9W3/k3NP+PAP2qUdOm+leg=="
      },
      "cake.issues": {
        "type": "Project",
        "dependencies": {
          "Cake.Core": "[5.0.0, )"
        }
      },
      "cake.issues.reporting": {
        "type": "Project",
        "dependencies": {
          "Cake.Issues": "[1.0.0, )"
        }
      },
      "Cake.Core": {
        "type": "CentralTransitive",
        "requested": "[5.0.0, )",
        "resolved": "5.0.0",
        "contentHash": "hq0HlI6bdRoMjUQTKioVjJZxQRxT7SuIjLjfTXO7fWe/alEU4OJumxq6LhTqz06pTRC7e5OrQqXyGKJnq5I+rw==",
        "dependencies": {
          "Microsoft.NETCore.Platforms": "7.0.4"
        }
      }
    },
    "net8.0": {
      "Gazorator": {
        "type": "Direct",
        "requested": "[0.5.2, )",
        "resolved": "0.5.2",
        "contentHash": "uklfp4SJm7yLrpo4U+ZaCuK/1FRwx/BxQESwyZ6KtBQAi5OHe0Zh/+sOAAed8e/cATbSav1ZSCar3haslPiO/A==",
        "dependencies": {
          "Microsoft.AspNetCore.Razor.Language": "3.1.5",
          "Microsoft.CodeAnalysis.CSharp.Scripting": "3.6.0"
        }
      },
      "Microsoft.CodeAnalysis.NetAnalyzers": {
        "type": "Direct",
        "requested": "[9.0.0, )",
        "resolved": "9.0.0",
        "contentHash": "JajbvkrBgtdRghavIjcJuNHMOja4lqBmEezbhZyqWPYh2cpLhT5mPpfC7NQVDO4IehWQum9t/nwF4v+qQGtYWg=="
      },
      "NewStyleCop.Analyzers": {
        "type": "Direct",
        "requested": "[1.2.0, )",
        "resolved": "1.2.0",
        "contentHash": "zLM0XCv+fdibf0QivRJaFyLAt3SmmxDGrGlLhgqlMq1IPbgnfVFH4KzFLjh1/27pRnWuhwDjELe/mZDwbes0nA=="
      },
      "Microsoft.AspNetCore.Razor.Language": {
        "type": "Transitive",
        "resolved": "3.1.5",
        "contentHash": "/3eAIITTRDwTeT2AM9vB55VBkIA22mWByrJlPrd3OVKzOShpOtVzIIPnVjZ+543bu8aqfJspOs/wyBLx+//BmA=="
      },
      "Microsoft.CodeAnalysis.Analyzers": {
        "type": "Transitive",
        "resolved": "3.0.0",
        "contentHash": "ojG5pGAhTPmjxRGTNvuszO3H8XPZqksDwr9xLd4Ae/JBjZZdl6GuoLk7uLMf+o7yl5wO0TAqoWcEKkEWqrZE5g=="
      },
      "Microsoft.CodeAnalysis.Common": {
        "type": "Transitive",
        "resolved": "3.6.0",
        "contentHash": "jQxDeYyQbNZwx/9O8hiyApTqZ7+KR3xVA6Ogbb50qsODfjAKRWuH7z3lGkU/62PYUz4yiDtgXlRtntWNdhFPfQ==",
        "dependencies": {
          "Microsoft.CodeAnalysis.Analyzers": "3.0.0"
        }
      },
      "Microsoft.CodeAnalysis.CSharp": {
        "type": "Transitive",
        "resolved": "3.6.0",
        "contentHash": "kflVAdezWxqIfKNvEi4cmWZchX0Cgm3bRk1asYSnAQWQPTMddecrHzb9D8+ZDfYUeyYKkF4DETwjmONeSChCqA==",
        "dependencies": {
          "Microsoft.CodeAnalysis.Common": "[3.6.0]"
        }
      },
      "Microsoft.CodeAnalysis.CSharp.Scripting": {
        "type": "Transitive",
        "resolved": "3.6.0",
        "contentHash": "XAp7xqEdjrH8LvdjZSXesmh1GiGY1n8pgWTyKzCEppbErX4K61KousT2SKS4NXCDQ5rkaHQtuZ2ptgxUIVEeIQ==",
        "dependencies": {
          "Microsoft.CodeAnalysis.CSharp": "[3.6.0]",
          "Microsoft.CodeAnalysis.Common": "[3.6.0]",
          "Microsoft.CodeAnalysis.Scripting.Common": "[3.6.0]"
        }
      },
      "Microsoft.CodeAnalysis.Scripting.Common": {
        "type": "Transitive",
        "resolved": "3.6.0",
        "contentHash": "xC8O1XmEjufDQrY3Ppzmnpufm/YBZb1/vhQwc3xd9/Aio5sL+PCfHNANkcGlCONs5EZQNCEK+K0eYs+S6pdQvQ==",
        "dependencies": {
          "Microsoft.CodeAnalysis.Common": "[3.6.0]"
        }
      },
      "Microsoft.NETCore.Platforms": {
        "type": "Transitive",
        "resolved": "7.0.4",
        "contentHash": "yLEHlNN7O5WiND89r42sepgVwy5W/ZoTiFEdJDV7MHR1lW02LL7Nipz2TD5qM/Kx9W3/k3NP+PAP2qUdOm+leg=="
      },
      "cake.issues": {
        "type": "Project",
        "dependencies": {
          "Cake.Core": "[5.0.0, )"
        }
      },
      "cake.issues.reporting": {
        "type": "Project",
        "dependencies": {
          "Cake.Issues": "[1.0.0, )"
        }
      },
      "Cake.Core": {
        "type": "CentralTransitive",
        "requested": "[5.0.0, )",
        "resolved": "5.0.0",
        "contentHash": "hq0HlI6bdRoMjUQTKioVjJZxQRxT7SuIjLjfTXO7fWe/alEU4OJumxq6LhTqz06pTRC7e5OrQqXyGKJnq5I+rw==",
        "dependencies": {
          "Microsoft.NETCore.Platforms": "7.0.4"
        }
      }
    },
    "net9.0": {
      "Gazorator": {
        "type": "Direct",
        "requested": "[0.5.2, )",
        "resolved": "0.5.2",
        "contentHash": "uklfp4SJm7yLrpo4U+ZaCuK/1FRwx/BxQESwyZ6KtBQAi5OHe0Zh/+sOAAed8e/cATbSav1ZSCar3haslPiO/A==",
        "dependencies": {
          "Microsoft.AspNetCore.Razor.Language": "3.1.5",
          "Microsoft.CodeAnalysis.CSharp.Scripting": "3.6.0"
        }
      },
      "Microsoft.CodeAnalysis.NetAnalyzers": {
        "type": "Direct",
        "requested": "[9.0.0, )",
        "resolved": "9.0.0",
        "contentHash": "JajbvkrBgtdRghavIjcJuNHMOja4lqBmEezbhZyqWPYh2cpLhT5mPpfC7NQVDO4IehWQum9t/nwF4v+qQGtYWg=="
      },
      "NewStyleCop.Analyzers": {
        "type": "Direct",
        "requested": "[1.2.0, )",
        "resolved": "1.2.0",
        "contentHash": "zLM0XCv+fdibf0QivRJaFyLAt3SmmxDGrGlLhgqlMq1IPbgnfVFH4KzFLjh1/27pRnWuhwDjELe/mZDwbes0nA=="
      },
      "Microsoft.AspNetCore.Razor.Language": {
        "type": "Transitive",
        "resolved": "3.1.5",
        "contentHash": "/3eAIITTRDwTeT2AM9vB55VBkIA22mWByrJlPrd3OVKzOShpOtVzIIPnVjZ+543bu8aqfJspOs/wyBLx+//BmA=="
      },
      "Microsoft.CodeAnalysis.Analyzers": {
        "type": "Transitive",
        "resolved": "3.0.0",
        "contentHash": "ojG5pGAhTPmjxRGTNvuszO3H8XPZqksDwr9xLd4Ae/JBjZZdl6GuoLk7uLMf+o7yl5wO0TAqoWcEKkEWqrZE5g=="
      },
      "Microsoft.CodeAnalysis.Common": {
        "type": "Transitive",
        "resolved": "3.6.0",
        "contentHash": "jQxDeYyQbNZwx/9O8hiyApTqZ7+KR3xVA6Ogbb50qsODfjAKRWuH7z3lGkU/62PYUz4yiDtgXlRtntWNdhFPfQ==",
        "dependencies": {
          "Microsoft.CodeAnalysis.Analyzers": "3.0.0"
        }
      },
      "Microsoft.CodeAnalysis.CSharp": {
        "type": "Transitive",
        "resolved": "3.6.0",
        "contentHash": "kflVAdezWxqIfKNvEi4cmWZchX0Cgm3bRk1asYSnAQWQPTMddecrHzb9D8+ZDfYUeyYKkF4DETwjmONeSChCqA==",
        "dependencies": {
          "Microsoft.CodeAnalysis.Common": "[3.6.0]"
        }
      },
      "Microsoft.CodeAnalysis.CSharp.Scripting": {
        "type": "Transitive",
        "resolved": "3.6.0",
        "contentHash": "XAp7xqEdjrH8LvdjZSXesmh1GiGY1n8pgWTyKzCEppbErX4K61KousT2SKS4NXCDQ5rkaHQtuZ2ptgxUIVEeIQ==",
        "dependencies": {
          "Microsoft.CodeAnalysis.CSharp": "[3.6.0]",
          "Microsoft.CodeAnalysis.Common": "[3.6.0]",
          "Microsoft.CodeAnalysis.Scripting.Common": "[3.6.0]"
        }
      },
      "Microsoft.CodeAnalysis.Scripting.Common": {
        "type": "Transitive",
        "resolved": "3.6.0",
        "contentHash": "xC8O1XmEjufDQrY3Ppzmnpufm/YBZb1/vhQwc3xd9/Aio5sL+PCfHNANkcGlCONs5EZQNCEK+K0eYs+S6pdQvQ==",
        "dependencies": {
          "Microsoft.CodeAnalysis.Common": "[3.6.0]"
        }
      },
      "Microsoft.NETCore.Platforms": {
        "type": "Transitive",
        "resolved": "7.0.4",
        "contentHash": "yLEHlNN7O5WiND89r42sepgVwy5W/ZoTiFEdJDV7MHR1lW02LL7Nipz2TD5qM/Kx9W3/k3NP+PAP2qUdOm+leg=="
      },
      "cake.issues": {
        "type": "Project",
        "dependencies": {
          "Cake.Core": "[5.0.0, )"
        }
      },
      "cake.issues.reporting": {
        "type": "Project",
        "dependencies": {
          "Cake.Issues": "[1.0.0, )"
        }
      },
      "Cake.Core": {
        "type": "CentralTransitive",
        "requested": "[5.0.0, )",
        "resolved": "5.0.0",
        "contentHash": "hq0HlI6bdRoMjUQTKioVjJZxQRxT7SuIjLjfTXO7fWe/alEU4OJumxq6LhTqz06pTRC7e5OrQqXyGKJnq5I+rw==",
        "dependencies": {
          "Microsoft.NETCore.Platforms": "7.0.4"
        }
      }
    }
  }
}