
Microsoft Visual Studio Solution File, Format Version 12.00
# Visual Studio Version 16
VisualStudioVersion = 16.0.29215.179
MinimumVisualStudioVersion = 10.0.40219.1
Project("{FAE04EC0-301F-11D3-BF4B-00C04F79EFBC}") = "Cake.Issues.Sarif", "Cake.Issues.Sarif\Cake.Issues.Sarif.csproj", "{5EA6A3B9-B53D-42AE-BA91-74A2C70EF673}"
EndProject
Project("{FAE04EC0-301F-11D3-BF4B-00C04F79EFBC}") = "Cake.Issues.Sarif.Tests", "Cake.Issues.Sarif.Tests\Cake.Issues.Sarif.Tests.csproj", "{F12B5B3E-4B7C-46E2-8445-5315FC4B63EA}"
EndProject
Global
	GlobalSection(SolutionConfigurationPlatforms) = preSolution
		Debug|Any CPU = Debug|Any CPU
		Release|Any CPU = Release|Any CPU
	EndGlobalSection
	GlobalSection(ProjectConfigurationPlatforms) = postSolution
		{5EA6A3B9-B53D-42AE-BA91-74A2C70EF673}.Debug|Any CPU.ActiveCfg = Debug|Any CPU
		{5EA6A3B9-B53D-42AE-BA91-74A2C70EF673}.Debug|Any CPU.Build.0 = Debug|Any CPU
		{5EA6A3B9-B53D-42AE-BA91-74A2C70EF673}.Release|Any CPU.ActiveCfg = Release|Any CPU
		{5EA6A3B9-B53D-42AE-BA91-74A2C70EF673}.Release|Any CPU.Build.0 = Release|Any CPU
		{F12B5B3E-4B7C-46E2-8445-5315FC4B63EA}.Debug|Any CPU.ActiveCfg = Debug|Any CPU
		{F12B5B3E-4B7C-46E2-8445-5315FC4B63EA}.Debug|Any CPU.Build.0 = Debug|Any CPU
		{F12B5B3E-4B7C-46E2-8445-5315FC4B63EA}.Release|Any CPU.ActiveCfg = Release|Any CPU
		{F12B5B3E-4B7C-46E2-8445-5315FC4B63EA}.Release|Any CPU.Build.0 = Release|Any CPU
	EndGlobalSection
	GlobalSection(SolutionProperties) = preSolution
		HideSolutionNode = FALSE
	EndGlobalSection
	GlobalSection(ExtensibilityGlobals) = postSolution
		SolutionGuid = {4D6F9FA9-F84A-447D-84B8-DC5BB3C2F333}
	EndGlobalSection
EndGlobal
