
Microsoft Visual Studio Solution File, Format Version 12.00
# Visual Studio Version 16
VisualStudioVersion = 16.0.30330.147
MinimumVisualStudioVersion = 10.0.40219.1
Project("{9A19103F-16F7-4668-BE54-9A1E7A4F7556}") = "Cake.Issues", "Cake.Issues\Cake.Issues.csproj", "{956EE163-6E8B-44A9-AE58-50185DE4F878}"
EndProject
Project("{9A19103F-16F7-4668-BE54-9A1E7A4F7556}") = "Cake.Issues.Tests", "Cake.Issues.Tests\Cake.Issues.Tests.csproj", "{6602FB4A-353A-40B5-8469-69502F189113}"
EndProject
Project("{2150E333-8FDC-42A3-9474-1A3956D46DE8}") = "Build", "Build", "{12963AB7-D907-4D27-B1F0-8C77A55BD2F2}"
	ProjectSection(SolutionItems) = preProject
		..\recipe.cake = ..\recipe.cake
	EndProjectSection
EndProject
Project("{2150E333-8FDC-42A3-9474-1A3956D46DE8}") = "nuspec", "nuspec", "{C9E29268-658F-4887-95C3-99C48F9A2DAD}"
	ProjectSection(SolutionItems) = preProject
		..\nuspec\nuget\Cake.Issues.nuspec = ..\nuspec\nuget\Cake.Issues.nuspec
		..\nuspec\nuget\Cake.Issues.Testing.nuspec = ..\nuspec\nuget\Cake.Issues.Testing.nuspec
	EndProjectSection
EndProject
Project("{9A19103F-16F7-4668-BE54-9A1E7A4F7556}") = "Cake.Issues.Testing", "Cake.Issues.Testing\Cake.Issues.Testing.csproj", "{95CB4393-DCAE-4E92-960F-98C4236D703E}"
EndProject
Project("{9A19103F-16F7-4668-BE54-9A1E7A4F7556}") = "Cake.Issues.PullRequests", "Cake.Issues.PullRequests\Cake.Issues.PullRequests.csproj", "{733D3D19-38C0-4C76-9077-01D87923C991}"
EndProject
Project("{9A19103F-16F7-4668-BE54-9A1E7A4F7556}") = "Cake.Issues.PullRequests.Tests", "Cake.Issues.PullRequests.Tests\Cake.Issues.PullRequests.Tests.csproj", "{61BA0328-9297-4DAA-A74A-FD9B51B7ECAC}"
EndProject
Project("{9A19103F-16F7-4668-BE54-9A1E7A4F7556}") = "Cake.Issues.Reporting", "Cake.Issues.Reporting\Cake.Issues.Reporting.csproj", "{558CEAFB-5AA3-43FF-87D4-8A126586049A}"
EndProject
Project("{9A19103F-16F7-4668-BE54-9A1E7A4F7556}") = "Cake.Issues.Reporting.Tests", "Cake.Issues.Reporting.Tests\Cake.Issues.Reporting.Tests.csproj", "{197977AA-A521-452F-B4E1-0705C1BF1D34}"
EndProject
Global
	GlobalSection(SolutionConfigurationPlatforms) = preSolution
		Debug|Any CPU = Debug|Any CPU
		Release|Any CPU = Release|Any CPU
	EndGlobalSection
	GlobalSection(ProjectConfigurationPlatforms) = postSolution
		{956EE163-6E8B-44A9-AE58-50185DE4F878}.Debug|Any CPU.ActiveCfg = Debug|Any CPU
		{956EE163-6E8B-44A9-AE58-50185DE4F878}.Debug|Any CPU.Build.0 = Debug|Any CPU
		{956EE163-6E8B-44A9-AE58-50185DE4F878}.Release|Any CPU.ActiveCfg = Release|Any CPU
		{956EE163-6E8B-44A9-AE58-50185DE4F878}.Release|Any CPU.Build.0 = Release|Any CPU
		{6602FB4A-353A-40B5-8469-69502F189113}.Debug|Any CPU.ActiveCfg = Debug|Any CPU
		{6602FB4A-353A-40B5-8469-69502F189113}.Debug|Any CPU.Build.0 = Debug|Any CPU
		{6602FB4A-353A-40B5-8469-69502F189113}.Release|Any CPU.ActiveCfg = Release|Any CPU
		{6602FB4A-353A-40B5-8469-69502F189113}.Release|Any CPU.Build.0 = Release|Any CPU
		{95CB4393-DCAE-4E92-960F-98C4236D703E}.Debug|Any CPU.ActiveCfg = Debug|Any CPU
		{95CB4393-DCAE-4E92-960F-98C4236D703E}.Debug|Any CPU.Build.0 = Debug|Any CPU
		{95CB4393-DCAE-4E92-960F-98C4236D703E}.Release|Any CPU.ActiveCfg = Release|Any CPU
		{95CB4393-DCAE-4E92-960F-98C4236D703E}.Release|Any CPU.Build.0 = Release|Any CPU
		{733D3D19-38C0-4C76-9077-01D87923C991}.Debug|Any CPU.ActiveCfg = Debug|Any CPU
		{733D3D19-38C0-4C76-9077-01D87923C991}.Debug|Any CPU.Build.0 = Debug|Any CPU
		{733D3D19-38C0-4C76-9077-01D87923C991}.Release|Any CPU.ActiveCfg = Release|Any CPU
		{733D3D19-38C0-4C76-9077-01D87923C991}.Release|Any CPU.Build.0 = Release|Any CPU
		{61BA0328-9297-4DAA-A74A-FD9B51B7ECAC}.Debug|Any CPU.ActiveCfg = Debug|Any CPU
		{61BA0328-9297-4DAA-A74A-FD9B51B7ECAC}.Debug|Any CPU.Build.0 = Debug|Any CPU
		{61BA0328-9297-4DAA-A74A-FD9B51B7ECAC}.Release|Any CPU.ActiveCfg = Release|Any CPU
		{61BA0328-9297-4DAA-A74A-FD9B51B7ECAC}.Release|Any CPU.Build.0 = Release|Any CPU
		{558CEAFB-5AA3-43FF-87D4-8A126586049A}.Debug|Any CPU.ActiveCfg = Debug|Any CPU
		{558CEAFB-5AA3-43FF-87D4-8A126586049A}.Debug|Any CPU.Build.0 = Debug|Any CPU
		{558CEAFB-5AA3-43FF-87D4-8A126586049A}.Release|Any CPU.ActiveCfg = Release|Any CPU
		{558CEAFB-5AA3-43FF-87D4-8A126586049A}.Release|Any CPU.Build.0 = Release|Any CPU
		{197977AA-A521-452F-B4E1-0705C1BF1D34}.Debug|Any CPU.ActiveCfg = Debug|Any CPU
		{197977AA-A521-452F-B4E1-0705C1BF1D34}.Debug|Any CPU.Build.0 = Debug|Any CPU
		{197977AA-A521-452F-B4E1-0705C1BF1D34}.Release|Any CPU.ActiveCfg = Release|Any CPU
		{197977AA-A521-452F-B4E1-0705C1BF1D34}.Release|Any CPU.Build.0 = Release|Any CPU
	EndGlobalSection
	GlobalSection(SolutionProperties) = preSolution
		HideSolutionNode = FALSE
	EndGlobalSection
	GlobalSection(NestedProjects) = preSolution
		{C9E29268-658F-4887-95C3-99C48F9A2DAD} = {12963AB7-D907-4D27-B1F0-8C77A55BD2F2}
	EndGlobalSection
	GlobalSection(ExtensibilityGlobals) = postSolution
		SolutionGuid = {E9F2EC94-9A1B-4834-A464-E5208B210F11}
	EndGlobalSection
EndGlobal
