
Microsoft Visual Studio Solution File, Format Version 12.00
# Visual Studio 15
VisualStudioVersion = 15.0.26730.8
MinimumVisualStudioVersion = 10.0.40219.1
Project("{FAE04EC0-301F-11D3-BF4B-00C04F79EFBC}") = "Cake.Issues.Reporting.Generic", "Cake.Issues.Reporting.Generic\Cake.Issues.Reporting.Generic.csproj", "{B514788A-8596-41CA-92B6-86199549DC2A}"
EndProject
Project("{FAE04EC0-301F-11D3-BF4B-00C04F79EFBC}") = "Cake.Issues.Reporting.Generic.Tests", "Cake.Issues.Reporting.Generic.Tests\Cake.Issues.Reporting.Generic.Tests.csproj", "{1E92A970-E905-4DF8-8ECA-5529B701E8E3}"
EndProject
Project("{2150E333-8FDC-42A3-9474-1A3956D46DE8}") = "Build", "Build", "{CCC3591D-69C0-4140-8E33-D0E2703DB8C5}"
	ProjectSection(SolutionItems) = preProject
		..\setup.cake = ..\setup.cake
	EndProjectSection
EndProject
Project("{2150E333-8FDC-42A3-9474-1A3956D46DE8}") = "nuget", "nuget", "{78523A6B-9A2C-43AB-BD00-0D7994F28A5B}"
	ProjectSection(SolutionItems) = preProject
		..\nuspec\nuget\Cake.Issues.Reporting.Generic.nuspec = ..\nuspec\nuget\Cake.Issues.Reporting.Generic.nuspec
	EndProjectSection
EndProject
Global
	GlobalSection(SolutionConfigurationPlatforms) = preSolution
		Debug|Any CPU = Debug|Any CPU
		Release|Any CPU = Release|Any CPU
	EndGlobalSection
	GlobalSection(ProjectConfigurationPlatforms) = postSolution
		{B514788A-8596-41CA-92B6-86199549DC2A}.Debug|Any CPU.ActiveCfg = Debug|Any CPU
		{B514788A-8596-41CA-92B6-86199549DC2A}.Debug|Any CPU.Build.0 = Debug|Any CPU
		{B514788A-8596-41CA-92B6-86199549DC2A}.Release|Any CPU.ActiveCfg = Release|Any CPU
		{B514788A-8596-41CA-92B6-86199549DC2A}.Release|Any CPU.Build.0 = Release|Any CPU
		{1E92A970-E905-4DF8-8ECA-5529B701E8E3}.Debug|Any CPU.ActiveCfg = Debug|Any CPU
		{1E92A970-E905-4DF8-8ECA-5529B701E8E3}.Debug|Any CPU.Build.0 = Debug|Any CPU
		{1E92A970-E905-4DF8-8ECA-5529B701E8E3}.Release|Any CPU.ActiveCfg = Release|Any CPU
		{1E92A970-E905-4DF8-8ECA-5529B701E8E3}.Release|Any CPU.Build.0 = Release|Any CPU
	EndGlobalSection
	GlobalSection(SolutionProperties) = preSolution
		HideSolutionNode = FALSE
	EndGlobalSection
	GlobalSection(NestedProjects) = preSolution
		{78523A6B-9A2C-43AB-BD00-0D7994F28A5B} = {CCC3591D-69C0-4140-8E33-D0E2703DB8C5}
	EndGlobalSection
	GlobalSection(ExtensibilityGlobals) = postSolution
		SolutionGuid = {5D19CC01-92BE-4F44-9974-2FFE3924B967}
	EndGlobalSection
EndGlobal
